// !$*UTF8*$!
{
	archiveVersion = 1;
	classes = {
	};
	objectVersion = 55;
	objects = {

/* Begin PBXBuildFile section */
		4AB9144B2799557D00509406 /* AppDelegate.swift in Sources */ = {isa = PBXBuildFile; fileRef = 4AB9144A2799557D00509406 /* AppDelegate.swift */; };
		4AB9144D2799557D00509406 /* SceneDelegate.swift in Sources */ = {isa = PBXBuildFile; fileRef = 4AB9144C2799557D00509406 /* SceneDelegate.swift */; };
		4AB9144F2799557D00509406 /* ViewController.swift in Sources */ = {isa = PBXBuildFile; fileRef = 4AB9144E2799557D00509406 /* ViewController.swift */; };
		4AB914522799557D00509406 /* Main.storyboard in Resources */ = {isa = PBXBuildFile; fileRef = 4AB914502799557D00509406 /* Main.storyboard */; };
		4AB914542799557E00509406 /* Assets.xcassets in Resources */ = {isa = PBXBuildFile; fileRef = 4AB914532799557E00509406 /* Assets.xcassets */; };
		4AB914572799557E00509406 /* LaunchScreen.storyboard in Resources */ = {isa = PBXBuildFile; fileRef = 4AB914552799557E00509406 /* LaunchScreen.storyboard */; };
		4AB914622799557E00509406 /* preworkTests.swift in Sources */ = {isa = PBXBuildFile; fileRef = 4AB914612799557E00509406 /* preworkTests.swift */; };
		4AB9146C2799557E00509406 /* preworkUITests.swift in Sources */ = {isa = PBXBuildFile; fileRef = 4AB9146B2799557E00509406 /* preworkUITests.swift */; };
		4AB9146E2799557E00509406 /* preworkUITestsLaunchTests.swift in Sources */ = {isa = PBXBuildFile; fileRef = 4AB9146D2799557E00509406 /* preworkUITestsLaunchTests.swift */; };
/* End PBXBuildFile section */

/* Begin PBXContainerItemProxy section */
		4AB9145E2799557E00509406 /* PBXContainerItemProxy */ = {
			isa = PBXContainerItemProxy;
			containerPortal = 4AB9143F2799557D00509406 /* Project object */;
			proxyType = 1;
			remoteGlobalIDString = 4AB914462799557D00509406;
			remoteInfo = prework;
		};
		4AB914682799557E00509406 /* PBXContainerItemProxy */ = {
			isa = PBXContainerItemProxy;
			containerPortal = 4AB9143F2799557D00509406 /* Project object */;
			proxyType = 1;
			remoteGlobalIDString = 4AB914462799557D00509406;
			remoteInfo = prework;
		};
/* End PBXContainerItemProxy section */

/* Begin PBXFileReference section */
		4AB914472799557D00509406 /* prework.app */ = {isa = PBXFileReference; explicitFileType = wrapper.application; includeInIndex = 0; path = prework.app; sourceTree = BUILT_PRODUCTS_DIR; };
		4AB9144A2799557D00509406 /* AppDelegate.swift */ = {isa = PBXFileReference; lastKnownFileType = sourcecode.swift; path = AppDelegate.swift; sourceTree = "<group>"; };
		4AB9144C2799557D00509406 /* SceneDelegate.swift */ = {isa = PBXFileReference; lastKnownFileType = sourcecode.swift; path = SceneDelegate.swift; sourceTree = "<group>"; };
		4AB9144E2799557D00509406 /* ViewController.swift */ = {isa = PBXFileReference; lastKnownFileType = sourcecode.swift; path = ViewController.swift; sourceTree = "<group>"; };
		4AB914512799557D00509406 /* Base */ = {isa = PBXFileReference; lastKnownFileType = file.storyboard; name = Base; path = Base.lproj/Main.storyboard; sourceTree = "<group>"; };
		4AB914532799557E00509406 /* Assets.xcassets */ = {isa = PBXFileReference; lastKnownFileType = folder.assetcatalog; path = Assets.xcassets; sourceTree = "<group>"; };
		4AB914562799557E00509406 /* Base */ = {isa = PBXFileReference; lastKnownFileType = file.storyboard; name = Base; path = Base.lproj/LaunchScreen.storyboard; sourceTree = "<group>"; };
		4AB914582799557E00509406 /* Info.plist */ = {isa = PBXFileReference; lastKnownFileType = text.plist.xml; path = Info.plist; sourceTree = "<group>"; };
		4AB9145D2799557E00509406 /* preworkTests.xctest */ = {isa = PBXFileReference; explicitFileType = wrapper.cfbundle; includeInIndex = 0; path = preworkTests.xctest; sourceTree = BUILT_PRODUCTS_DIR; };
		4AB914612799557E00509406 /* preworkTests.swift */ = {isa = PBXFileReference; lastKnownFileType = sourcecode.swift; path = preworkTests.swift; sourceTree = "<group>"; };
		4AB914672799557E00509406 /* preworkUITests.xctest */ = {isa = PBXFileReference; explicitFileType = wrapper.cfbundle; includeInIndex = 0; path = preworkUITests.xctest; sourceTree = BUILT_PRODUCTS_DIR; };
		4AB9146B2799557E00509406 /* preworkUITests.swift */ = {isa = PBXFileReference; lastKnownFileType = sourcecode.swift; path = preworkUITests.swift; sourceTree = "<group>"; };
		4AB9146D2799557E00509406 /* preworkUITestsLaunchTests.swift */ = {isa = PBXFileReference; lastKnownFileType = sourcecode.swift; path = preworkUITestsLaunchTests.swift; sourceTree = "<group>"; };
/* End PBXFileReference section */

/* Begin PBXFrameworksBuildPhase section */
		4AB914442799557D00509406 /* Frameworks */ = {
			isa = PBXFrameworksBuildPhase;
			buildActionMask = 2147483647;
			files = (
			);
			runOnlyForDeploymentPostprocessing = 0;
		};
		4AB9145A2799557E00509406 /* Frameworks */ = {
			isa = PBXFrameworksBuildPhase;
			buildActionMask = 2147483647;
			files = (
			);
			runOnlyForDeploymentPostprocessing = 0;
		};
		4AB914642799557E00509406 /* Frameworks */ = {
			isa = PBXFrameworksBuildPhase;
			buildActionMask = 2147483647;
			files = (
			);
			runOnlyForDeploymentPostprocessing = 0;
		};
/* End PBXFrameworksBuildPhase section */

/* Begin PBXGroup section */
		4AB9143E2799557D00509406 = {
			isa = PBXGroup;
			children = (
				4AB914492799557D00509406 /* prework */,
				4AB914602799557E00509406 /* preworkTests */,
				4AB9146A2799557E00509406 /* preworkUITests */,
				4AB914482799557D00509406 /* Products */,
			);
			sourceTree = "<group>";
		};
		4AB914482799557D00509406 /* Products */ = {
			isa = PBXGroup;
			children = (
				4AB914472799557D00509406 /* prework.app */,
				4AB9145D2799557E00509406 /* preworkTests.xctest */,
				4AB914672799557E00509406 /* preworkUITests.xctest */,
			);
			name = Products;
			sourceTree = "<group>";
		};
		4AB914492799557D00509406 /* prework */ = {
			isa = PBXGroup;
			children = (
				4AB9144A2799557D00509406 /* AppDelegate.swift */,
				4AB9144C2799557D00509406 /* SceneDelegate.swift */,
				4AB9144E2799557D00509406 /* ViewController.swift */,
				4AB914502799557D00509406 /* Main.storyboard */,
				4AB914532799557E00509406 /* Assets.xcassets */,
				4AB914552799557E00509406 /* LaunchScreen.storyboard */,
				4AB914582799557E00509406 /* Info.plist */,
			);
			path = prework;
			sourceTree = "<group>";
		};
		4AB914602799557E00509406 /* preworkTests */ = {
			isa = PBXGroup;
			children = (
				4AB914612799557E00509406 /* preworkTests.swift */,
			);
			path = preworkTests;
			sourceTree = "<group>";
		};
		4AB9146A2799557E00509406 /* preworkUITests */ = {
			isa = PBXGroup;
			children = (
				4AB9146B2799557E00509406 /* preworkUITests.swift */,
				4AB9146D2799557E00509406 /* preworkUITestsLaunchTests.swift */,
			);
			path = preworkUITests;
			sourceTree = "<group>";
		};
/* End PBXGroup section */

/* Begin PBXNativeTarget section */
		4AB914462799557D00509406 /* prework */ = {
			isa = PBXNativeTarget;
			buildConfigurationList = 4AB914712799557E00509406 /* Build configuration list for PBXNativeTarget "prework" */;
			buildPhases = (
				4AB914432799557D00509406 /* Sources */,
				4AB914442799557D00509406 /* Frameworks */,
				4AB914452799557D00509406 /* Resources */,
			);
			buildRules = (
			);
			dependencies = (
			);
			name = prework;
			productName = prework;
			productReference = 4AB914472799557D00509406 /* prework.app */;
			productType = "com.apple.product-type.application";
		};
		4AB9145C2799557E00509406 /* preworkTests */ = {
			isa = PBXNativeTarget;
			buildConfigurationList = 4AB914742799557E00509406 /* Build configuration list for PBXNativeTarget "preworkTests" */;
			buildPhases = (
				4AB914592799557E00509406 /* Sources */,
				4AB9145A2799557E00509406 /* Frameworks */,
				4AB9145B2799557E00509406 /* Resources */,
			);
			buildRules = (
			);
			dependencies = (
				4AB9145F2799557E00509406 /* PBXTargetDependency */,
			);
			name = preworkTests;
			productName = preworkTests;
			productReference = 4AB9145D2799557E00509406 /* preworkTests.xctest */;
			productType = "com.apple.product-type.bundle.unit-test";
		};
		4AB914662799557E00509406 /* preworkUITests */ = {
			isa = PBXNativeTarget;
			buildConfigurationList = 4AB914772799557E00509406 /* Build configuration list for PBXNativeTarget "preworkUITests" */;
			buildPhases = (
				4AB914632799557E00509406 /* Sources */,
				4AB914642799557E00509406 /* Frameworks */,
				4AB914652799557E00509406 /* Resources */,
			);
			buildRules = (
			);
			dependencies = (
				4AB914692799557E00509406 /* PBXTargetDependency */,
			);
			name = preworkUITests;
			productName = preworkUITests;
			productReference = 4AB914672799557E00509406 /* preworkUITests.xctest */;
			productType = "com.apple.product-type.bundle.ui-testing";
		};
/* End PBXNativeTarget section */

/* Begin PBXProject section */
		4AB9143F2799557D00509406 /* Project object */ = {
			isa = PBXProject;
			attributes = {
				BuildIndependentTargetsInParallel = 1;
				LastSwiftUpdateCheck = 1320;
				LastUpgradeCheck = 1320;
				TargetAttributes = {
					4AB914462799557D00509406 = {
						CreatedOnToolsVersion = 13.2.1;
					};
					4AB9145C2799557E00509406 = {
						CreatedOnToolsVersion = 13.2.1;
						TestTargetID = 4AB914462799557D00509406;
					};
					4AB914662799557E00509406 = {
						CreatedOnToolsVersion = 13.2.1;
						TestTargetID = 4AB914462799557D00509406;
					};
				};
			};
			buildConfigurationList = 4AB914422799557D00509406 /* Build configuration list for PBXProject "prework" */;
			compatibilityVersion = "Xcode 13.0";
			developmentRegion = en;
			hasScannedForEncodings = 0;
			knownRegions = (
				en,
				Base,
			);
			mainGroup = 4AB9143E2799557D00509406;
			productRefGroup = 4AB914482799557D00509406 /* Products */;
			projectDirPath = "";
			projectRoot = "";
			targets = (
				4AB914462799557D00509406 /* prework */,
				4AB9145C2799557E00509406 /* preworkTests */,
				4AB914662799557E00509406 /* preworkUITests */,
			);
		};
/* End PBXProject section */

/* Begin PBXResourcesBuildPhase section */
		4AB914452799557D00509406 /* Resources */ = {
			isa = PBXResourcesBuildPhase;
			buildActionMask = 2147483647;
			files = (
				4AB914572799557E00509406 /* LaunchScreen.storyboard in Resources */,
				4AB914542799557E00509406 /* Assets.xcassets in Resources */,
				4AB914522799557D00509406 /* Main.storyboard in Resources */,
			);
			runOnlyForDeploymentPostprocessing = 0;
		};
		4AB9145B2799557E00509406 /* Resources */ = {
			isa = PBXResourcesBuildPhase;
			buildActionMask = 2147483647;
			files = (
			);
			runOnlyForDeploymentPostprocessing = 0;
		};
		4AB914652799557E00509406 /* Resources */ = {
			isa = PBXResourcesBuildPhase;
			buildActionMask = 2147483647;
			files = (
			);
			runOnlyForDeploymentPostprocessing = 0;
		};
/* End PBXResourcesBuildPhase section */

/* Begin PBXSourcesBuildPhase section */
		4AB914432799557D00509406 /* Sources */ = {
			isa = PBXSourcesBuildPhase;
			buildActionMask = 2147483647;
			files = (
				4AB9144F2799557D00509406 /* ViewController.swift in Sources */,
				4AB9144B2799557D00509406 /* AppDelegate.swift in Sources */,
				4AB9144D2799557D00509406 /* SceneDelegate.swift in Sources */,
			);
			runOnlyForDeploymentPostprocessing = 0;
		};
		4AB914592799557E00509406 /* Sources */ = {
			isa = PBXSourcesBuildPhase;
			buildActionMask = 2147483647;
			files = (
				4AB914622799557E00509406 /* preworkTests.swift in Sources */,
			);
			runOnlyForDeploymentPostprocessing = 0;
		};
		4AB914632799557E00509406 /* Sources */ = {
			isa = PBXSourcesBuildPhase;
			buildActionMask = 2147483647;
			files = (
				4AB9146C2799557E00509406 /* preworkUITests.swift in Sources */,
				4AB9146E2799557E00509406 /* preworkUITestsLaunchTests.swift in Sources */,
			);
			runOnlyForDeploymentPostprocessing = 0;
		};
/* End PBXSourcesBuildPhase section */

/* Begin PBXTargetDependency section */
		4AB9145F2799557E00509406 /* PBXTargetDependency */ = {
			isa = PBXTargetDependency;
			target = 4AB914462799557D00509406 /* prework */;
			targetProxy = 4AB9145E2799557E00509406 /* PBXContainerItemProxy */;
		};
		4AB914692799557E00509406 /* PBXTargetDependency */ = {
			isa = PBXTargetDependency;
			target = 4AB914462799557D00509406 /* prework */;
			targetProxy = 4AB914682799557E00509406 /* PBXContainerItemProxy */;
		};
/* End PBXTargetDependency section */

/* Begin PBXVariantGroup section */
		4AB914502799557D00509406 /* Main.storyboard */ = {
			isa = PBXVariantGroup;
			children = (
				4AB914512799557D00509406 /* Base */,
			);
			name = Main.storyboard;
			sourceTree = "<group>";
		};
		4AB914552799557E00509406 /* LaunchScreen.storyboard */ = {
			isa = PBXVariantGroup;
			children = (
				4AB914562799557E00509406 /* Base */,
			);
			name = LaunchScreen.storyboard;
			sourceTree = "<group>";
		};
/* End PBXVariantGroup section */

/* Begin XCBuildConfiguration section */
		4AB9146F2799557E00509406 /* Debug */ = {
			isa = XCBuildConfiguration;
			buildSettings = {
				ALWAYS_SEARCH_USER_PATHS = NO;
				CLANG_ANALYZER_NONNULL = YES;
				CLANG_ANALYZER_NUMBER_OBJECT_CONVERSION = YES_AGGRESSIVE;
				CLANG_CXX_LANGUAGE_STANDARD = "gnu++17";
				CLANG_CXX_LIBRARY = "libc++";
				CLANG_ENABLE_MODULES = YES;
				CLANG_ENABLE_OBJC_ARC = YES;
				CLANG_ENABLE_OBJC_WEAK = YES;
				CLANG_WARN_BLOCK_CAPTURE_AUTORELEASING = YES;
				CLANG_WARN_BOOL_CONVERSION = YES;
				CLANG_WARN_COMMA = YES;
				CLANG_WARN_CONSTANT_CONVERSION = YES;
				CLANG_WARN_DEPRECATED_OBJC_IMPLEMENTATIONS = YES;
				CLANG_WARN_DIRECT_OBJC_ISA_USAGE = YES_ERROR;
				CLANG_WARN_DOCUMENTATION_COMMENTS = YES;
				CLANG_WARN_EMPTY_BODY = YES;
				CLANG_WARN_ENUM_CONVERSION = YES;
				CLANG_WARN_INFINITE_RECURSION = YES;
				CLANG_WARN_INT_CONVERSION = YES;
				CLANG_WARN_NON_LITERAL_NULL_CONVERSION = YES;
				CLANG_WARN_OBJC_IMPLICIT_RETAIN_SELF = YES;
				CLANG_WARN_OBJC_LITERAL_CONVERSION = YES;
				CLANG_WARN_OBJC_ROOT_CLASS = YES_ERROR;
				CLANG_WARN_QUOTED_INCLUDE_IN_FRAMEWORK_HEADER = YES;
				CLANG_WARN_RANGE_LOOP_ANALYSIS = YES;
				CLANG_WARN_STRICT_PROTOTYPES = YES;
				CLANG_WARN_SUSPICIOUS_MOVE = YES;
				CLANG_WARN_UNGUARDED_AVAILABILITY = YES_AGGRESSIVE;
				CLANG_WARN_UNREACHABLE_CODE = YES;
				CLANG_WARN__DUPLICATE_METHOD_MATCH = YES;
				COPY_PHASE_STRIP = NO;
				DEBUG_INFORMATION_FORMAT = dwarf;
				ENABLE_STRICT_OBJC_MSGSEND = YES;
				ENABLE_TESTABILITY = YES;
				GCC_C_LANGUAGE_STANDARD = gnu11;
				GCC_DYNAMIC_NO_PIC = NO;
				GCC_NO_COMMON_BLOCKS = YES;
				GCC_OPTIMIZATION_LEVEL = 0;
				GCC_PREPROCESSOR_DEFINITIONS = (
					"DEBUG=1",
					"$(inherited)",
				);
				GCC_WARN_64_TO_32_BIT_CONVERSION = YES;
				GCC_WARN_ABOUT_RETURN_TYPE = YES_ERROR;
				GCC_WARN_UNDECLARED_SELECTOR = YES;
				GCC_WARN_UNINITIALIZED_AUTOS = YES_AGGRESSIVE;
				GCC_WARN_UNUSED_FUNCTION = YES;
				GCC_WARN_UNUSED_VARIABLE = YES;
				IPHONEOS_DEPLOYMENT_TARGET = 15.2;
				MTL_ENABLE_DEBUG_INFO = INCLUDE_SOURCE;
				MTL_FAST_MATH = YES;
				ONLY_ACTIVE_ARCH = YES;
				SDKROOT = iphoneos;
				SWIFT_ACTIVE_COMPILATION_CONDITIONS = DEBUG;
				SWIFT_OPTIMIZATION_LEVEL = "-Onone";
			};
			name = Debug;
		};
		4AB914702799557E00509406 /* Release */ = {
			isa = XCBuildConfiguration;
			buildSettings = {
				ALWAYS_SEARCH_USER_PATHS = NO;
				CLANG_ANALYZER_NONNULL = YES;
				CLANG_ANALYZER_NUMBER_OBJECT_CONVERSION = YES_AGGRESSIVE;
				CLANG_CXX_LANGUAGE_STANDARD = "gnu++17";
				CLANG_CXX_LIBRARY = "libc++";
				CLANG_ENABLE_MODULES = YES;
				CLANG_ENABLE_OBJC_ARC = YES;
				CLANG_ENABLE_OBJC_WEAK = YES;
				CLANG_WARN_BLOCK_CAPTURE_AUTORELEASING = YES;
				CLANG_WARN_BOOL_CONVERSION = YES;
				CLANG_WARN_COMMA = YES;
				CLANG_WARN_CONSTANT_CONVERSION = YES;
				CLANG_WARN_DEPRECATED_OBJC_IMPLEMENTATIONS = YES;
				CLANG_WARN_DIRECT_OBJC_ISA_USAGE = YES_ERROR;
				CLANG_WARN_DOCUMENTATION_COMMENTS = YES;
				CLANG_WARN_EMPTY_BODY = YES;
				CLANG_WARN_ENUM_CONVERSION = YES;
				CLANG_WARN_INFINITE_RECURSION = YES;
				CLANG_WARN_INT_CONVERSION = YES;
				CLANG_WARN_NON_LITERAL_NULL_CONVERSION = YES;
				CLANG_WARN_OBJC_IMPLICIT_RETAIN_SELF = YES;
				CLANG_WARN_OBJC_LITERAL_CONVERSION = YES;
				CLANG_WARN_OBJC_ROOT_CLASS = YES_ERROR;
				CLANG_WARN_QUOTED_INCLUDE_IN_FRAMEWORK_HEADER = YES;
				CLANG_WARN_RANGE_LOOP_ANALYSIS = YES;
				CLANG_WARN_STRICT_PROTOTYPES = YES;
				CLANG_WARN_SUSPICIOUS_MOVE = YES;
				CLANG_WARN_UNGUARDED_AVAILABILITY = YES_AGGRESSIVE;
				CLANG_WARN_UNREACHABLE_CODE = YES;
				CLANG_WARN__DUPLICATE_METHOD_MATCH = YES;
				COPY_PHASE_STRIP = NO;
				DEBUG_INFORMATION_FORMAT = "dwarf-with-dsym";
				ENABLE_NS_ASSERTIONS = NO;
				ENABLE_STRICT_OBJC_MSGSEND = YES;
				GCC_C_LANGUAGE_STANDARD = gnu11;
				GCC_NO_COMMON_BLOCKS = YES;
				GCC_WARN_64_TO_32_BIT_CONVERSION = YES;
				GCC_WARN_ABOUT_RETURN_TYPE = YES_ERROR;
				GCC_WARN_UNDECLARED_SELECTOR = YES;
				GCC_WARN_UNINITIALIZED_AUTOS = YES_AGGRESSIVE;
				GCC_WARN_UNUSED_FUNCTION = YES;
				GCC_WARN_UNUSED_VARIABLE = YES;
				IPHONEOS_DEPLOYMENT_TARGET = 15.2;
				MTL_ENABLE_DEBUG_INFO = NO;
				MTL_FAST_MATH = YES;
				SDKROOT = iphoneos;
				SWIFT_COMPILATION_MODE = wholemodule;
				SWIFT_OPTIMIZATION_LEVEL = "-O";
				VALIDATE_PRODUCT = YES;
			};
			name = Release;
		};
		4AB914722799557E00509406 /* Debug */ = {
			isa = XCBuildConfiguration;
			buildSettings = {
				ASSETCATALOG_COMPILER_APPICON_NAME = AppIcon;
				ASSETCATALOG_COMPILER_GLOBAL_ACCENT_COLOR_NAME = AccentColor;
				CODE_SIGN_STYLE = Automatic;
				CURRENT_PROJECT_VERSION = 1;
				GENERATE_INFOPLIST_FILE = YES;
				INFOPLIST_FILE = prework/Info.plist;
				INFOPLIST_KEY_UIApplicationSupportsIndirectInputEvents = YES;
				INFOPLIST_KEY_UILaunchStoryboardName = LaunchScreen;
				INFOPLIST_KEY_UIMainStoryboardFile = Main;
				INFOPLIST_KEY_UISupportedInterfaceOrientations_iPad = "UIInterfaceOrientationPortrait UIInterfaceOrientationPortraitUpsideDown UIInterfaceOrientationLandscapeLeft UIInterfaceOrientationLandscapeRight";
				INFOPLIST_KEY_UISupportedInterfaceOrientations_iPhone = "UIInterfaceOrientationPortrait UIInterfaceOrientationLandscapeLeft UIInterfaceOrientationLandscapeRight";
				LD_RUNPATH_SEARCH_PATHS = (
					"$(inherited)",
					"@executable_path/Frameworks",
				);
				MARKETING_VERSION = 1.0;
				PRODUCT_BUNDLE_IDENTIFIER = codepath.prework;
				PRODUCT_NAME = "$(TARGET_NAME)";
				SWIFT_EMIT_LOC_STRINGS = YES;
				SWIFT_VERSION = 5.0;
				TARGETED_DEVICE_FAMILY = "1,2";
			};
			name = Debug;
		};
		4AB914732799557E00509406 /* Release */ = {
			isa = XCBuildConfiguration;
			buildSettings = {
				ASSETCATALOG_COMPILER_APPICON_NAME = AppIcon;
				ASSETCATALOG_COMPILER_GLOBAL_ACCENT_COLOR_NAME = AccentColor;
				CODE_SIGN_STYLE = Automatic;
				CURRENT_PROJECT_VERSION = 1;
				GENERATE_INFOPLIST_FILE = YES;
				INFOPLIST_FILE = prework/Info.plist;
				INFOPLIST_KEY_UIApplicationSupportsIndirectInputEvents = YES;
				INFOPLIST_KEY_UILaunchStoryboardName = LaunchScreen;
				INFOPLIST_KEY_UIMainStoryboardFile = Main;
				INFOPLIST_KEY_UISupportedInterfaceOrientations_iPad = "UIInterfaceOrientationPortrait UIInterfaceOrientationPortraitUpsideDown UIInterfaceOrientationLandscapeLeft UIInterfaceOrientationLandscapeRight";
				INFOPLIST_KEY_UISupportedInterfaceOrientations_iPhone = "UIInterfaceOrientationPortrait UIInterfaceOrientationLandscapeLeft UIInterfaceOrientationLandscapeRight";
				LD_RUNPATH_SEARCH_PATHS = (
					"$(inherited)",
					"@executable_path/Frameworks",
				);
				MARKETING_VERSION = 1.0;
				PRODUCT_BUNDLE_IDENTIFIER = codepath.prework;
				PRODUCT_NAME = "$(TARGET_NAME)";
				SWIFT_EMIT_LOC_STRINGS = YES;
				SWIFT_VERSION = 5.0;
				TARGETED_DEVICE_FAMILY = "1,2";
			};
			name = Release;
		};
		4AB914752799557E00509406 /* Debug */ = {
			isa = XCBuildConfiguration;
			buildSettings = {
				ALWAYS_EMBED_SWIFT_STANDARD_LIBRARIES = YES;
				BUNDLE_LOADER = "$(TEST_HOST)";
				CODE_SIGN_STYLE = Automatic;
				CURRENT_PROJECT_VERSION = 1;
				GENERATE_INFOPLIST_FILE = YES;
				IPHONEOS_DEPLOYMENT_TARGET = 15.2;
				MARKETING_VERSION = 1.0;
				PRODUCT_BUNDLE_IDENTIFIER = codepath.preworkTests;
				PRODUCT_NAME = "$(TARGET_NAME)";
				SWIFT_EMIT_LOC_STRINGS = NO;
				SWIFT_VERSION = 5.0;
				TARGETED_DEVICE_FAMILY = "1,2";
				TEST_HOST = "$(BUILT_PRODUCTS_DIR)/prework.app/prework";
			};
			name = Debug;
		};
		4AB914762799557E00509406 /* Release */ = {
			isa = XCBuildConfiguration;
			buildSettings = {
				ALWAYS_EMBED_SWIFT_STANDARD_LIBRARIES = YES;
				BUNDLE_LOADER = "$(TEST_HOST)";
				CODE_SIGN_STYLE = Automatic;
				CURRENT_PROJECT_VERSION = 1;
				GENERATE_INFOPLIST_FILE = YES;
				IPHONEOS_DEPLOYMENT_TARGET = 15.2;
				MARKETING_VERSION = 1.0;
				PRODUCT_BUNDLE_IDENTIFIER = codepath.preworkTests;
				PRODUCT_NAME = "$(TARGET_NAME)";
				SWIFT_EMIT_LOC_STRINGS = NO;
				SWIFT_VERSION = 5.0;
				TARGETED_DEVICE_FAMILY = "1,2";
				TEST_HOST = "$(BUILT_PRODUCTS_DIR)/prework.app/prework";
			};
			name = Release;
		};
		4AB914782799557E00509406 /* Debug */ = {
			isa = XCBuildConfiguration;
			buildSettings = {
				ALWAYS_EMBED_SWIFT_STANDARD_LIBRARIES = YES;
				CODE_SIGN_STYLE = Automatic;
				CURRENT_PROJECT_VERSION = 1;
				GENERATE_INFOPLIST_FILE = YES;
				MARKETING_VERSION = 1.0;
				PRODUCT_BUNDLE_IDENTIFIER = codepath.preworkUITests;
				PRODUCT_NAME = "$(TARGET_NAME)";
				SWIFT_EMIT_LOC_STRINGS = NO;
				SWIFT_VERSION = 5.0;
				TARGETED_DEVICE_FAMILY = "1,2";
				TEST_TARGET_NAME = prework;
			};
			name = Debug;
		};
		4AB914792799557E00509406 /* Release */ = {
			isa = XCBuildConfiguration;
			buildSettings = {
				ALWAYS_EMBED_SWIFT_STANDARD_LIBRARIES = YES;
				CODE_SIGN_STYLE = Automatic;
				CURRENT_PROJECT_VERSION = 1;
				GENERATE_INFOPLIST_FILE = YES;
				MARKETING_VERSION = 1.0;
				PRODUCT_BUNDLE_IDENTIFIER = codepath.preworkUITests;
				PRODUCT_NAME = "$(TARGET_NAME)";
				SWIFT_EMIT_LOC_STRINGS = NO;
				SWIFT_VERSION = 5.0;
				TARGETED_DEVICE_FAMILY = "1,2";
				TEST_TARGET_NAME = prework;
			};
			name = Release;
		};
/* End XCBuildConfiguration section */

/* Begin XCConfigurationList section */
		4AB914422799557D00509406 /* Build configuration list for PBXProject "prework" */ = {
			isa = XCConfigurationList;
			buildConfigurations = (
				4AB9146F2799557E00509406 /* Debug */,
				4AB914702799557E00509406 /* Release */,
			);
			defaultConfigurationIsVisible = 0;
			defaultConfigurationName = Release;
		};
		4AB914712799557E00509406 /* Build configuration list for PBXNativeTarget "prework" */ = {
			isa = XCConfigurationList;
			buildConfigurations = (
				4AB914722799557E00509406 /* Debug */,
				4AB914732799557E00509406 /* Release */,
			);
			defaultConfigurationIsVisible = 0;
			defaultConfigurationName = Release;
		};
		4AB914742799557E00509406 /* Build configuration list for PBXNativeTarget "preworkTests" */ = {
			isa = XCConfigurationList;
			buildConfigurations = (
				4AB914752799557E00509406 /* Debug */,
				4AB914762799557E00509406 /* Release */,
			);
			defaultConfigurationIsVisible = 0;
			defaultConfigurationName = Release;
		};
		4AB914772799557E00509406 /* Build configuration list for PBXNativeTarget "preworkUITests" */ = {
			isa = XCConfigurationList;
			buildConfigurations = (
				4AB914782799557E00509406 /* Debug */,
				4AB914792799557E00509406 /* Release */,
			);
			defaultConfigurationIsVisible = 0;
			defaultConfigurationName = Release;
		};
/* End XCConfigurationList section */
	};
	rootObject = 4AB9143F2799557D00509406 /* Project object */;
}
